
Microsoft Visual Studio Solution File, Format Version 12.00
# Visual Studio 2012
Project("{FAE04EC0-301F-11D3-BF4B-00C04F79EFBC}") = "BDLab4", "BDLab4.csproj", "{9FB56221-6B33-4512-B4E2-D5CDD9A1676F}"
EndProject
Global
	GlobalSection(SolutionConfigurationPlatforms) = preSolution
		Debug|Any CPU = Debug|Any CPU
		Release|Any CPU = Release|Any CPU
	EndGlobalSection
	GlobalSection(ProjectConfigurationPlatforms) = postSolution
		{9FB56221-6B33-4512-B4E2-D5CDD9A1676F}.Debug|Any CPU.ActiveCfg = Debug|Any CPU
		{9FB56221-6B33-4512-B4E2-D5CDD9A1676F}.Debug|Any CPU.Build.0 = Debug|Any CPU
		{9FB56221-6B33-4512-B4E2-D5CDD9A1676F}.Release|Any CPU.ActiveCfg = Release|Any CPU
		{9FB56221-6B33-4512-B4E2-D5CDD9A1676F}.Release|Any CPU.Build.0 = Release|Any CPU
	EndGlobalSection
	GlobalSection(SolutionProperties) = preSolution
		HideSolutionNode = FALSE
	EndGlobalSection
EndGlobal
