
Microsoft Visual Studio Solution File, Format Version 12.00
# Visual Studio 2012
Project("{FAE04EC0-301F-11D3-BF4B-00C04F79EFBC}") = "Laborator1.Transformari", "Laborator1.Transformari\Laborator1.Transformari.csproj", "{99EC02F1-8A21-477F-930D-6C49C09866FB}"
EndProject
Project("{FAE04EC0-301F-11D3-BF4B-00C04F79EFBC}") = "Laborator1", "Laborator1\Laborator1.csproj", "{6FB9BFDE-1184-495D-B758-EA0DE43BDDE4}"
EndProject
Global
	GlobalSection(SolutionConfigurationPlatforms) = preSolution
		Debug|Any CPU = Debug|Any CPU
		Release|Any CPU = Release|Any CPU
	EndGlobalSection
	GlobalSection(ProjectConfigurationPlatforms) = postSolution
		{99EC02F1-8A21-477F-930D-6C49C09866FB}.Debug|Any CPU.ActiveCfg = Debug|Any CPU
		{99EC02F1-8A21-477F-930D-6C49C09866FB}.Debug|Any CPU.Build.0 = Debug|Any CPU
		{99EC02F1-8A21-477F-930D-6C49C09866FB}.Release|Any CPU.ActiveCfg = Release|Any CPU
		{99EC02F1-8A21-477F-930D-6C49C09866FB}.Release|Any CPU.Build.0 = Release|Any CPU
		{6FB9BFDE-1184-495D-B758-EA0DE43BDDE4}.Debug|Any CPU.ActiveCfg = Debug|Any CPU
		{6FB9BFDE-1184-495D-B758-EA0DE43BDDE4}.Debug|Any CPU.Build.0 = Debug|Any CPU
		{6FB9BFDE-1184-495D-B758-EA0DE43BDDE4}.Release|Any CPU.ActiveCfg = Release|Any CPU
		{6FB9BFDE-1184-495D-B758-EA0DE43BDDE4}.Release|Any CPU.Build.0 = Release|Any CPU
	EndGlobalSection
	GlobalSection(SolutionProperties) = preSolution
		HideSolutionNode = FALSE
	EndGlobalSection
EndGlobal
