
Microsoft Visual Studio Solution File, Format Version 12.00
# Visual Studio 2012
Project("{FAE04EC0-301F-11D3-BF4B-00C04F79EFBC}") = "BDLab1", "BDLab1.csproj", "{4211BC7F-74CD-4E36-A9C2-7DE07A0A05AA}"
EndProject
Global
	GlobalSection(SolutionConfigurationPlatforms) = preSolution
		Debug|Any CPU = Debug|Any CPU
		Release|Any CPU = Release|Any CPU
	EndGlobalSection
	GlobalSection(ProjectConfigurationPlatforms) = postSolution
		{4211BC7F-74CD-4E36-A9C2-7DE07A0A05AA}.Debug|Any CPU.ActiveCfg = Debug|Any CPU
		{4211BC7F-74CD-4E36-A9C2-7DE07A0A05AA}.Debug|Any CPU.Build.0 = Debug|Any CPU
		{4211BC7F-74CD-4E36-A9C2-7DE07A0A05AA}.Release|Any CPU.ActiveCfg = Release|Any CPU
		{4211BC7F-74CD-4E36-A9C2-7DE07A0A05AA}.Release|Any CPU.Build.0 = Release|Any CPU
	EndGlobalSection
	GlobalSection(SolutionProperties) = preSolution
		HideSolutionNode = FALSE
	EndGlobalSection
EndGlobal
