
Microsoft Visual Studio Solution File, Format Version 12.00
# Visual Studio 2012
Project("{FAE04EC0-301F-11D3-BF4B-00C04F79EFBC}") = "GTBDDLab3", "GTBDDLab3\GTBDDLab3.csproj", "{2360B550-D776-4E5A-85FF-2CE34FF8BCF1}"
EndProject
Project("{2150E333-8FDC-42A3-9474-1A3956D46DE8}") = "Solution Items", "Solution Items", "{5F811D3C-70C2-4B15-BF1D-DB7F8E226F31}"
EndProject
Project("{2150E333-8FDC-42A3-9474-1A3956D46DE8}") = "Scripts", "Scripts", "{57455146-26F3-4BAE-829F-61B2D8DDA6BF}"
	ProjectSection(SolutionItems) = preProject
		Solution Items\Scripts\Creates.sql = Solution Items\Scripts\Creates.sql
		Solution Items\Scripts\Drops.sql = Solution Items\Scripts\Drops.sql
	EndProjectSection
EndProject
Global
	GlobalSection(SolutionConfigurationPlatforms) = preSolution
		Debug|Any CPU = Debug|Any CPU
		Release|Any CPU = Release|Any CPU
	EndGlobalSection
	GlobalSection(ProjectConfigurationPlatforms) = postSolution
		{2360B550-D776-4E5A-85FF-2CE34FF8BCF1}.Debug|Any CPU.ActiveCfg = Debug|Any CPU
		{2360B550-D776-4E5A-85FF-2CE34FF8BCF1}.Debug|Any CPU.Build.0 = Debug|Any CPU
		{2360B550-D776-4E5A-85FF-2CE34FF8BCF1}.Release|Any CPU.ActiveCfg = Release|Any CPU
		{2360B550-D776-4E5A-85FF-2CE34FF8BCF1}.Release|Any CPU.Build.0 = Release|Any CPU
	EndGlobalSection
	GlobalSection(SolutionProperties) = preSolution
		HideSolutionNode = FALSE
	EndGlobalSection
	GlobalSection(NestedProjects) = preSolution
		{57455146-26F3-4BAE-829F-61B2D8DDA6BF} = {5F811D3C-70C2-4B15-BF1D-DB7F8E226F31}
	EndGlobalSection
EndGlobal
