
Microsoft Visual Studio Solution File, Format Version 12.00
# Visual Studio 2012
Project("{8BC9CEB8-8B4A-11D0-8D11-00A0C91BC942}") = "Compiler", "Compiler\Compiler.vcxproj", "{55243AF8-CA11-44B2-97F7-B2383F6E8875}"
EndProject
Global
	GlobalSection(SolutionConfigurationPlatforms) = preSolution
		Debug|Win32 = Debug|Win32
		Release|Win32 = Release|Win32
	EndGlobalSection
	GlobalSection(ProjectConfigurationPlatforms) = postSolution
		{55243AF8-CA11-44B2-97F7-B2383F6E8875}.Debug|Win32.ActiveCfg = Debug|Win32
		{55243AF8-CA11-44B2-97F7-B2383F6E8875}.Debug|Win32.Build.0 = Debug|Win32
		{55243AF8-CA11-44B2-97F7-B2383F6E8875}.Release|Win32.ActiveCfg = Release|Win32
		{55243AF8-CA11-44B2-97F7-B2383F6E8875}.Release|Win32.Build.0 = Release|Win32
	EndGlobalSection
	GlobalSection(SolutionProperties) = preSolution
		HideSolutionNode = FALSE
	EndGlobalSection
EndGlobal
