
Microsoft Visual Studio Solution File, Format Version 12.00
# Visual Studio 2012
Project("{2150E333-8FDC-42A3-9474-1A3956D46DE8}") = "Solution Items", "Solution Items", "{BB9B0DD0-CD04-48BC-844F-DA127747CD03}"
	ProjectSection(SolutionItems) = preProject
		page1.html = page1.html
		page2.html = page2.html
		page3.html = page3.html
		style.css = style.css
	EndProjectSection
EndProject
Global
	GlobalSection(SolutionProperties) = preSolution
		HideSolutionNode = FALSE
	EndGlobalSection
EndGlobal
