
Microsoft Visual Studio Solution File, Format Version 12.00
# Visual Studio 2012
Project("{2150E333-8FDC-42A3-9474-1A3956D46DE8}") = "Solution Items", "Solution Items", "{6A30D898-6E3C-4EBA-BF88-7D9421FEB6BD}"
	ProjectSection(SolutionItems) = preProject
		get.php = get.php
		index.html = index.html
		update.php = update.php
	EndProjectSection
EndProject
Global
	GlobalSection(SolutionProperties) = preSolution
		HideSolutionNode = FALSE
	EndGlobalSection
EndGlobal
